# This file is automatically @generated by Cargo.
# It is not intended for manual editing.
version = 4

[[package]]
name = "axum"
version = "0.7.0"

[[package]]
name = "fixture-app"
version = "0.1.0"
dependencies = [
 "axum",
 "redis",
 "reqwest",
 "sqlx",
 "tokio",
 "tracing",
]

[[package]]
name = "redis"
version = "0.24.0"

[[package]]
name = "reqwest"
version = "0.11.0"

[[package]]
name = "sqlx"
version = "0.7.0"

[[package]]
name = "tokio"
version = "1.0.0"

[[package]]
name = "tracing"
version = "0.1.0"
